
Microsoft Visual Studio Solution File, Format Version 12.00
# Visual Studio Version 16
VisualStudioVersion = 16.0.29926.136
MinimumVisualStudioVersion = 10.0.40219.1
Project("{9A19103F-16F7-4668-BE54-9A1E7A4F7556}") = "Wetonomy", "Wetonomy\Wetonomy.csproj", "{38BAF176-F76A-426D-AE6E-47A6708CACD3}"
EndProject
Project("{FAE04EC0-301F-11D3-BF4B-00C04F79EFBC}") = "Wetonomy.FunctionApp", "Wetonomy.FunctionApp\Wetonomy.FunctionApp.csproj", "{882142D2-45F3-4256-86C6-3DCD3A3658BA}"
EndProject
Project("{9A19103F-16F7-4668-BE54-9A1E7A4F7556}") = "Apocryph.Agents.Testbed", "..\apocryph\src\Apocryph.Agents.Testbed\Apocryph.Agents.Testbed.csproj", "{0CB5B2E4-E0A7-4204-B832-291A8F270E05}"
EndProject
Global
	GlobalSection(SolutionConfigurationPlatforms) = preSolution
		Debug|Any CPU = Debug|Any CPU
		Release|Any CPU = Release|Any CPU
	EndGlobalSection
	GlobalSection(ProjectConfigurationPlatforms) = postSolution
		{38BAF176-F76A-426D-AE6E-47A6708CACD3}.Debug|Any CPU.ActiveCfg = Debug|Any CPU
		{38BAF176-F76A-426D-AE6E-47A6708CACD3}.Debug|Any CPU.Build.0 = Debug|Any CPU
		{38BAF176-F76A-426D-AE6E-47A6708CACD3}.Release|Any CPU.ActiveCfg = Release|Any CPU
		{38BAF176-F76A-426D-AE6E-47A6708CACD3}.Release|Any CPU.Build.0 = Release|Any CPU
		{882142D2-45F3-4256-86C6-3DCD3A3658BA}.Debug|Any CPU.ActiveCfg = Debug|Any CPU
		{882142D2-45F3-4256-86C6-3DCD3A3658BA}.Debug|Any CPU.Build.0 = Debug|Any CPU
		{882142D2-45F3-4256-86C6-3DCD3A3658BA}.Release|Any CPU.ActiveCfg = Release|Any CPU
		{882142D2-45F3-4256-86C6-3DCD3A3658BA}.Release|Any CPU.Build.0 = Release|Any CPU
		{0CB5B2E4-E0A7-4204-B832-291A8F270E05}.Debug|Any CPU.ActiveCfg = Debug|Any CPU
		{0CB5B2E4-E0A7-4204-B832-291A8F270E05}.Debug|Any CPU.Build.0 = Debug|Any CPU
		{0CB5B2E4-E0A7-4204-B832-291A8F270E05}.Release|Any CPU.ActiveCfg = Release|Any CPU
		{0CB5B2E4-E0A7-4204-B832-291A8F270E05}.Release|Any CPU.Build.0 = Release|Any CPU
	EndGlobalSection
	GlobalSection(SolutionProperties) = preSolution
		HideSolutionNode = FALSE
	EndGlobalSection
	GlobalSection(ExtensibilityGlobals) = postSolution
		SolutionGuid = {21EDD1CA-6BE5-42E2-A98A-4FF3AB6AD19F}
	EndGlobalSection
EndGlobal
